Microsoft Visual Studio Solution File, Format Version 12.00
# Visual Studio Version 17
VisualStudioVersion = 17.5.2.0
MinimumVisualStudioVersion = 10.0.40219.1
Project("{FAE04EC0-301F-11D3-BF4B-00C04F79EFBC}") = "learndocsmcpconsole", "learndocsmcpconsole.csproj", "{B690B8BB-D52F-D55A-3BCA-6767A01B6CE8}"
EndProject
Global
	GlobalSection(SolutionConfigurationPlatforms) = preSolution
		Debug|Any CPU = Debug|Any CPU
		Release|Any CPU = Release|Any CPU
	EndGlobalSection
	GlobalSection(ProjectConfigurationPlatforms) = postSolution
		{B690B8BB-D52F-D55A-3BCA-6767A01B6CE8}.Debug|Any CPU.ActiveCfg = Debug|Any CPU
		{B690B8BB-D52F-D55A-3BCA-6767A01B6CE8}.Debug|Any CPU.Build.0 = Debug|Any CPU
		{B690B8BB-D52F-D55A-3BCA-6767A01B6CE8}.Release|Any CPU.ActiveCfg = Release|Any CPU
		{B690B8BB-D52F-D55A-3BCA-6767A01B6CE8}.Release|Any CPU.Build.0 = Release|Any CPU
	EndGlobalSection
	GlobalSection(SolutionProperties) = preSolution
		HideSolutionNode = FALSE
	EndGlobalSection
	GlobalSection(ExtensibilityGlobals) = postSolution
		SolutionGuid = {BF593604-E95F-46A4-A20F-EEF8FB5098AA}
	EndGlobalSection
EndGlobal
